
Microsoft Visual Studio Solution File, Format Version 12.00
# Visual Studio Version 16
VisualStudioVersion = 16.0.31019.35
MinimumVisualStudioVersion = 10.0.40219.1
Project("{FAE04EC0-301F-11D3-BF4B-00C04F79EFBC}") = "Rockstars Frontend", "Rockstars Frontend\Rockstars Frontend.csproj", "{ED14F353-6794-477F-98DD-51C6329DC070}"
EndProject
Global
	GlobalSection(SolutionConfigurationPlatforms) = preSolution
		Debug|Any CPU = Debug|Any CPU
		Release|Any CPU = Release|Any CPU
	EndGlobalSection
	GlobalSection(ProjectConfigurationPlatforms) = postSolution
		{ED14F353-6794-477F-98DD-51C6329DC070}.Debug|Any CPU.ActiveCfg = Debug|Any CPU
		{ED14F353-6794-477F-98DD-51C6329DC070}.Debug|Any CPU.Build.0 = Debug|Any CPU
		{ED14F353-6794-477F-98DD-51C6329DC070}.Release|Any CPU.ActiveCfg = Release|Any CPU
		{ED14F353-6794-477F-98DD-51C6329DC070}.Release|Any CPU.Build.0 = Release|Any CPU
	EndGlobalSection
	GlobalSection(SolutionProperties) = preSolution
		HideSolutionNode = FALSE
	EndGlobalSection
	GlobalSection(ExtensibilityGlobals) = postSolution
		SolutionGuid = {92A92F62-5190-449F-B0FB-BB6E78F66D77}
	EndGlobalSection
EndGlobal
